<?xml version="1.0" encoding="UTF-8" standalone="yes" ?>
<CodeBlocks_project_file>
	<FileVersion major="1" minor="6" />
	<Project>
		<Option title="GestionBiblio" />
		<Option pch_mode="2" />
		<Option compiler="gcc" />
		<Build>
			<Target title="Debug">
				<Option output="bin/Debug/GestionBiblio" prefix_auto="1" extension_auto="1" />
				<Option object_output="obj/Debug/" />
				<Option type="1" />
				<Option compiler="gcc" />
				<Compiler>
					<Add option="-g" />
					<Add directory="include" />
				</Compiler>
			</Target>
			<Target title="Release">
				<Option output="bin/Release/GestionBiblio" prefix_auto="1" extension_auto="1" />
				<Option object_output="obj/Release/" />
				<Option type="1" />
				<Option compiler="gcc" />
				<Compiler>
					<Add option="-O2" />
					<Add directory="include" />
				</Compiler>
				<Linker>
					<Add option="-s" />
				</Linker>
			</Target>
		</Build>
		<Compiler>
			<Add option="-Wall" />
			<Add option="-fexceptions" />
		</Compiler>
		<Unit filename="include/AuditLogger.h" />
		<Unit filename="include/ClientManager.h" />
		<Unit filename="include/DatabaseManager.h" />
		<Unit filename="include/IManager.h" />
		<Unit filename="include/LoginManager.h" />
		<Unit filename="include/Models.h" />
		<Unit filename="include/NotificationInterface .h" />
		<Unit filename="include/ReservationManager.h" />
		<Unit filename="include/VehicleManager.h" />
		<Unit filename="main.cpp" />
		<Unit filename="src/AuditLogger.cpp" />
		<Unit filename="src/ClientManager.cpp" />
		<Unit filename="src/DatabaseManager.cpp" />
		<Unit filename="src/LoginManager.cpp" />
		<Unit filename="src/NotificationInterface .cpp" />
		<Unit filename="src/ReservationManager.cpp" />
		<Unit filename="src/VehicleManager.cpp" />
		<Extensions>
			<lib_finder disable_auto="1" />
		</Extensions>
	</Project>
</CodeBlocks_project_file>
